
Microsoft Visual Studio Solution File, Format Version 12.00
# Visual Studio 15
VisualStudioVersion = 15.0.28307.1738
MinimumVisualStudioVersion = 10.0.40219.1
Project("{FAE04EC0-301F-11D3-BF4B-00C04F79EFBC}") = "NoMasAccidentes", "NoMasAccidentes\NoMasAccidentes.csproj", "{72676316-BE5E-48D9-8AFE-F5BD3B7AA5EE}"

EndProject
Project("{FAE04EC0-301F-11D3-BF4B-00C04F79EFBC}") = "NoMasAccidentesDALC", "NoMasAccidentesDALC\NoMasAccidentesDALC.csproj", "{6C73F650-4243-4651-AD59-32BCC15965FF}"
EndProject
Project("{FAE04EC0-301F-11D3-BF4B-00C04F79EFBC}") = "NoMasAccidentesNegocio", "NoMasAccidentesNegocio\NoMasAccidentesNegocio.csproj", "{98A3833B-D098-4A0E-BF67-3BD9CC28781A}"
EndProject
Global
	GlobalSection(SolutionConfigurationPlatforms) = preSolution
		Debug|Any CPU = Debug|Any CPU
		Release|Any CPU = Release|Any CPU
	EndGlobalSection
	GlobalSection(ProjectConfigurationPlatforms) = postSolution
		{72676316-BE5E-48D9-8AFE-F5BD3B7AA5EE}.Debug|Any CPU.ActiveCfg = Debug|Any CPU
		{72676316-BE5E-48D9-8AFE-F5BD3B7AA5EE}.Debug|Any CPU.Build.0 = Debug|Any CPU
		{72676316-BE5E-48D9-8AFE-F5BD3B7AA5EE}.Release|Any CPU.ActiveCfg = Release|Any CPU
		{72676316-BE5E-48D9-8AFE-F5BD3B7AA5EE}.Release|Any CPU.Build.0 = Release|Any CPU
		{6C73F650-4243-4651-AD59-32BCC15965FF}.Debug|Any CPU.ActiveCfg = Debug|Any CPU
		{6C73F650-4243-4651-AD59-32BCC15965FF}.Debug|Any CPU.Build.0 = Debug|Any CPU
		{6C73F650-4243-4651-AD59-32BCC15965FF}.Release|Any CPU.ActiveCfg = Release|Any CPU
		{6C73F650-4243-4651-AD59-32BCC15965FF}.Release|Any CPU.Build.0 = Release|Any CPU
		{98A3833B-D098-4A0E-BF67-3BD9CC28781A}.Debug|Any CPU.ActiveCfg = Debug|Any CPU
		{98A3833B-D098-4A0E-BF67-3BD9CC28781A}.Debug|Any CPU.Build.0 = Debug|Any CPU
		{98A3833B-D098-4A0E-BF67-3BD9CC28781A}.Release|Any CPU.ActiveCfg = Release|Any CPU
		{98A3833B-D098-4A0E-BF67-3BD9CC28781A}.Release|Any CPU.Build.0 = Release|Any CPU
	EndGlobalSection
	GlobalSection(SolutionProperties) = preSolution
		HideSolutionNode = FALSE
	EndGlobalSection
	GlobalSection(ExtensibilityGlobals) = postSolution
		SolutionGuid = {452B2EA7-25B4-489E-BCB5-CCC0B0FA8866}
	EndGlobalSection
EndGlobal
